
Microsoft Visual Studio Solution File, Format Version 12.00
# Visual Studio Version 16
VisualStudioVersion = 16.0.29613.14
MinimumVisualStudioVersion = 10.0.40219.1
Project("{FAE04EC0-301F-11D3-BF4B-00C04F79EFBC}") = "InsertTitleOnVideo", "InsertTitleOnVideo\InsertTitleOnVideo.csproj", "{80C736FB-8CC9-483C-92DB-D20779026683}"
EndProject
Project("{FAE04EC0-301F-11D3-BF4B-00C04F79EFBC}") = "GondoAssist_Tags", "GondoAssist_Tags\GondoAssist_Tags.csproj", "{9F13CDE2-616D-4C2B-8F44-493763D2FA9E}"
EndProject
Project("{FAE04EC0-301F-11D3-BF4B-00C04F79EFBC}") = "GondoAssist_AutoVideo", "GondoAssist_AutoVideo\GondoAssist_AutoVideo.csproj", "{0E1D71C2-A4E6-4D8A-BABC-C99EC7280AAB}"
EndProject
Project("{FAE04EC0-301F-11D3-BF4B-00C04F79EFBC}") = "Tags", "Tags\Tags.csproj", "{A784D673-86C1-4418-9CA6-1965823B4D1A}"
EndProject
Global
	GlobalSection(SolutionConfigurationPlatforms) = preSolution
		Debug|Any CPU = Debug|Any CPU
		Release|Any CPU = Release|Any CPU
	EndGlobalSection
	GlobalSection(ProjectConfigurationPlatforms) = postSolution
		{80C736FB-8CC9-483C-92DB-D20779026683}.Debug|Any CPU.ActiveCfg = Debug|Any CPU
		{80C736FB-8CC9-483C-92DB-D20779026683}.Debug|Any CPU.Build.0 = Debug|Any CPU
		{80C736FB-8CC9-483C-92DB-D20779026683}.Release|Any CPU.ActiveCfg = Release|Any CPU
		{80C736FB-8CC9-483C-92DB-D20779026683}.Release|Any CPU.Build.0 = Release|Any CPU
		{9F13CDE2-616D-4C2B-8F44-493763D2FA9E}.Debug|Any CPU.ActiveCfg = Debug|Any CPU
		{9F13CDE2-616D-4C2B-8F44-493763D2FA9E}.Debug|Any CPU.Build.0 = Debug|Any CPU
		{9F13CDE2-616D-4C2B-8F44-493763D2FA9E}.Release|Any CPU.ActiveCfg = Release|Any CPU
		{9F13CDE2-616D-4C2B-8F44-493763D2FA9E}.Release|Any CPU.Build.0 = Release|Any CPU
		{0E1D71C2-A4E6-4D8A-BABC-C99EC7280AAB}.Debug|Any CPU.ActiveCfg = Debug|Any CPU
		{0E1D71C2-A4E6-4D8A-BABC-C99EC7280AAB}.Debug|Any CPU.Build.0 = Debug|Any CPU
		{0E1D71C2-A4E6-4D8A-BABC-C99EC7280AAB}.Release|Any CPU.ActiveCfg = Release|Any CPU
		{0E1D71C2-A4E6-4D8A-BABC-C99EC7280AAB}.Release|Any CPU.Build.0 = Release|Any CPU
		{A784D673-86C1-4418-9CA6-1965823B4D1A}.Debug|Any CPU.ActiveCfg = Debug|Any CPU
		{A784D673-86C1-4418-9CA6-1965823B4D1A}.Debug|Any CPU.Build.0 = Debug|Any CPU
		{A784D673-86C1-4418-9CA6-1965823B4D1A}.Release|Any CPU.ActiveCfg = Release|Any CPU
		{A784D673-86C1-4418-9CA6-1965823B4D1A}.Release|Any CPU.Build.0 = Release|Any CPU
	EndGlobalSection
	GlobalSection(SolutionProperties) = preSolution
		HideSolutionNode = FALSE
	EndGlobalSection
	GlobalSection(ExtensibilityGlobals) = postSolution
		SolutionGuid = {F46E2D6D-3D54-4BCC-A548-919EDFCFFDB2}
	EndGlobalSection
EndGlobal
